
Microsoft Visual Studio Solution File, Format Version 12.00
# Visual Studio Version 17
VisualStudioVersion = 17.10.35122.118
MinimumVisualStudioVersion = 10.0.40219.1
Project("{2150E333-8FDC-42A3-9474-1A3956D46DE8}") = "src", "src", "{89A46117-3A40-4522-8030-E2B40BEC8A54}"
EndProject
Project("{2150E333-8FDC-42A3-9474-1A3956D46DE8}") = "Api", "Api", "{A92B6A98-ED45-4ABD-905C-3F39AA2B876D}"
EndProject
Project("{2150E333-8FDC-42A3-9474-1A3956D46DE8}") = "Core", "Core", "{82A64417-67A5-4F1D-8151-5FE246D2D30A}"
EndProject
Project("{2150E333-8FDC-42A3-9474-1A3956D46DE8}") = "Infrastructure", "Infrastructure", "{19CCF409-1FCE-4408-854C-30C002571AAD}"
EndProject
Project("{2150E333-8FDC-42A3-9474-1A3956D46DE8}") = "Common", "Common", "{1C17EE7D-C3C6-4B83-BC59-2B18033742CC}"
EndProject
Project("{FAE04EC0-301F-11D3-BF4B-00C04F79EFBC}") = "Backend.Api", "src\Backend.Api\Backend.Api.csproj", "{E244D7B0-8256-4669-9FBF-D4B77EC578AA}"
EndProject
Project("{FAE04EC0-301F-11D3-BF4B-00C04F79EFBC}") = "Backend.Domain", "src\Backend.Domain\Backend.Domain.csproj", "{457CC579-E705-4FF6-8D33-33C5F6AFD6F3}"
EndProject
Project("{FAE04EC0-301F-11D3-BF4B-00C04F79EFBC}") = "Backend.Application", "src\Backend.Application\Backend.Application.csproj", "{6A154D74-B6A2-4F5A-8399-C90EDC30C8B7}"
EndProject
Project("{FAE04EC0-301F-11D3-BF4B-00C04F79EFBC}") = "Backend.Persistence", "src\Backend.Persistence\Backend.Persistence.csproj", "{DB7781D0-6750-42E0-8AC2-76C372CDE3DA}"
EndProject
Project("{FAE04EC0-301F-11D3-BF4B-00C04F79EFBC}") = "Backend.External", "src\Backend.External\Backend.External.csproj", "{8D9C7CB6-69E6-4DE2-800F-3A5D47F96C19}"
EndProject
Project("{FAE04EC0-301F-11D3-BF4B-00C04F79EFBC}") = "Backend.Common", "src\Backend.Common\Backend.Common.csproj", "{E6D639E7-40DB-49CA-95F8-0F437103430D}"
EndProject
Global
	GlobalSection(SolutionConfigurationPlatforms) = preSolution
		Debug|Any CPU = Debug|Any CPU
		Release|Any CPU = Release|Any CPU
	EndGlobalSection
	GlobalSection(ProjectConfigurationPlatforms) = postSolution
		{E244D7B0-8256-4669-9FBF-D4B77EC578AA}.Debug|Any CPU.ActiveCfg = Debug|Any CPU
		{E244D7B0-8256-4669-9FBF-D4B77EC578AA}.Debug|Any CPU.Build.0 = Debug|Any CPU
		{E244D7B0-8256-4669-9FBF-D4B77EC578AA}.Release|Any CPU.ActiveCfg = Release|Any CPU
		{E244D7B0-8256-4669-9FBF-D4B77EC578AA}.Release|Any CPU.Build.0 = Release|Any CPU
		{457CC579-E705-4FF6-8D33-33C5F6AFD6F3}.Debug|Any CPU.ActiveCfg = Debug|Any CPU
		{457CC579-E705-4FF6-8D33-33C5F6AFD6F3}.Debug|Any CPU.Build.0 = Debug|Any CPU
		{457CC579-E705-4FF6-8D33-33C5F6AFD6F3}.Release|Any CPU.ActiveCfg = Release|Any CPU
		{457CC579-E705-4FF6-8D33-33C5F6AFD6F3}.Release|Any CPU.Build.0 = Release|Any CPU
		{6A154D74-B6A2-4F5A-8399-C90EDC30C8B7}.Debug|Any CPU.ActiveCfg = Debug|Any CPU
		{6A154D74-B6A2-4F5A-8399-C90EDC30C8B7}.Debug|Any CPU.Build.0 = Debug|Any CPU
		{6A154D74-B6A2-4F5A-8399-C90EDC30C8B7}.Release|Any CPU.ActiveCfg = Release|Any CPU
		{6A154D74-B6A2-4F5A-8399-C90EDC30C8B7}.Release|Any CPU.Build.0 = Release|Any CPU
		{DB7781D0-6750-42E0-8AC2-76C372CDE3DA}.Debug|Any CPU.ActiveCfg = Debug|Any CPU
		{DB7781D0-6750-42E0-8AC2-76C372CDE3DA}.Debug|Any CPU.Build.0 = Debug|Any CPU
		{DB7781D0-6750-42E0-8AC2-76C372CDE3DA}.Release|Any CPU.ActiveCfg = Release|Any CPU
		{DB7781D0-6750-42E0-8AC2-76C372CDE3DA}.Release|Any CPU.Build.0 = Release|Any CPU
		{8D9C7CB6-69E6-4DE2-800F-3A5D47F96C19}.Debug|Any CPU.ActiveCfg = Debug|Any CPU
		{8D9C7CB6-69E6-4DE2-800F-3A5D47F96C19}.Debug|Any CPU.Build.0 = Debug|Any CPU
		{8D9C7CB6-69E6-4DE2-800F-3A5D47F96C19}.Release|Any CPU.ActiveCfg = Release|Any CPU
		{8D9C7CB6-69E6-4DE2-800F-3A5D47F96C19}.Release|Any CPU.Build.0 = Release|Any CPU
		{E6D639E7-40DB-49CA-95F8-0F437103430D}.Debug|Any CPU.ActiveCfg = Debug|Any CPU
		{E6D639E7-40DB-49CA-95F8-0F437103430D}.Debug|Any CPU.Build.0 = Debug|Any CPU
		{E6D639E7-40DB-49CA-95F8-0F437103430D}.Release|Any CPU.ActiveCfg = Release|Any CPU
		{E6D639E7-40DB-49CA-95F8-0F437103430D}.Release|Any CPU.Build.0 = Release|Any CPU
	EndGlobalSection
	GlobalSection(SolutionProperties) = preSolution
		HideSolutionNode = FALSE
	EndGlobalSection
	GlobalSection(NestedProjects) = preSolution
		{A92B6A98-ED45-4ABD-905C-3F39AA2B876D} = {89A46117-3A40-4522-8030-E2B40BEC8A54}
		{82A64417-67A5-4F1D-8151-5FE246D2D30A} = {89A46117-3A40-4522-8030-E2B40BEC8A54}
		{19CCF409-1FCE-4408-854C-30C002571AAD} = {89A46117-3A40-4522-8030-E2B40BEC8A54}
		{1C17EE7D-C3C6-4B83-BC59-2B18033742CC} = {89A46117-3A40-4522-8030-E2B40BEC8A54}
		{E244D7B0-8256-4669-9FBF-D4B77EC578AA} = {A92B6A98-ED45-4ABD-905C-3F39AA2B876D}
		{457CC579-E705-4FF6-8D33-33C5F6AFD6F3} = {82A64417-67A5-4F1D-8151-5FE246D2D30A}
		{6A154D74-B6A2-4F5A-8399-C90EDC30C8B7} = {82A64417-67A5-4F1D-8151-5FE246D2D30A}
		{DB7781D0-6750-42E0-8AC2-76C372CDE3DA} = {19CCF409-1FCE-4408-854C-30C002571AAD}
		{8D9C7CB6-69E6-4DE2-800F-3A5D47F96C19} = {19CCF409-1FCE-4408-854C-30C002571AAD}
		{E6D639E7-40DB-49CA-95F8-0F437103430D} = {1C17EE7D-C3C6-4B83-BC59-2B18033742CC}
	EndGlobalSection
	GlobalSection(ExtensibilityGlobals) = postSolution
		SolutionGuid = {498691CB-656D-4D4F-B7EF-13E050B8ADB5}
	EndGlobalSection
EndGlobal
